
Microsoft Visual Studio Solution File, Format Version 12.00
# Visual Studio Version 17
VisualStudioVersion = 17.7.34031.279
MinimumVisualStudioVersion = 10.0.40219.1
Project("{9A19103F-16F7-4668-BE54-9A1E7A4F7556}") = "EconomyGame.API", "EconomyGame.API.csproj", "{990D1FC5-5C67-4561-80C3-07D73F3ADF9F}"
EndProject
Project("{54A90642-561A-4BB1-A94E-469ADEE60C69}") = "economygame.frontend", "..\economygame.frontend\economygame.frontend.esproj", "{486F60C3-B590-41AB-9609-407BE55BA070}"
EndProject
Project("{9A19103F-16F7-4668-BE54-9A1E7A4F7556}") = "EconomyGame.DB", "..\EconomyGame.DB\EconomyGame.DB.csproj", "{40BFE812-2077-4A46-ABB7-F00F45ACE3EB}"
EndProject
Project("{9A19103F-16F7-4668-BE54-9A1E7A4F7556}") = "EconomyGame.Logic", "..\EconomyGame.Logic\EconomyGame.Logic.csproj", "{EC3834EC-37AB-4F2C-A688-EEE9A1195109}"
EndProject
Project("{9A19103F-16F7-4668-BE54-9A1E7A4F7556}") = "EconomyGame.Models", "..\EconomyGame.Models\EconomyGame.Models.csproj", "{D6783130-515E-4792-865C-CDF4C6625C8F}"
EndProject
Project("{FAE04EC0-301F-11D3-BF4B-00C04F79EFBC}") = "EconomyGame.Server", "..\EconomyGame.Server\EconomyGame.Server.csproj", "{5DCBBA9D-CD2D-4831-A7FE-7F29918B8D38}"
EndProject
Global
	GlobalSection(SolutionConfigurationPlatforms) = preSolution
		Debug|Any CPU = Debug|Any CPU
		Release|Any CPU = Release|Any CPU
	EndGlobalSection
	GlobalSection(ProjectConfigurationPlatforms) = postSolution
		{990D1FC5-5C67-4561-80C3-07D73F3ADF9F}.Debug|Any CPU.ActiveCfg = Debug|Any CPU
		{990D1FC5-5C67-4561-80C3-07D73F3ADF9F}.Debug|Any CPU.Build.0 = Debug|Any CPU
		{990D1FC5-5C67-4561-80C3-07D73F3ADF9F}.Release|Any CPU.ActiveCfg = Release|Any CPU
		{990D1FC5-5C67-4561-80C3-07D73F3ADF9F}.Release|Any CPU.Build.0 = Release|Any CPU
		{486F60C3-B590-41AB-9609-407BE55BA070}.Debug|Any CPU.ActiveCfg = Debug|Any CPU
		{486F60C3-B590-41AB-9609-407BE55BA070}.Debug|Any CPU.Build.0 = Debug|Any CPU
		{486F60C3-B590-41AB-9609-407BE55BA070}.Debug|Any CPU.Deploy.0 = Debug|Any CPU
		{486F60C3-B590-41AB-9609-407BE55BA070}.Release|Any CPU.ActiveCfg = Release|Any CPU
		{486F60C3-B590-41AB-9609-407BE55BA070}.Release|Any CPU.Build.0 = Release|Any CPU
		{486F60C3-B590-41AB-9609-407BE55BA070}.Release|Any CPU.Deploy.0 = Release|Any CPU
		{40BFE812-2077-4A46-ABB7-F00F45ACE3EB}.Debug|Any CPU.ActiveCfg = Debug|Any CPU
		{40BFE812-2077-4A46-ABB7-F00F45ACE3EB}.Debug|Any CPU.Build.0 = Debug|Any CPU
		{40BFE812-2077-4A46-ABB7-F00F45ACE3EB}.Release|Any CPU.ActiveCfg = Release|Any CPU
		{40BFE812-2077-4A46-ABB7-F00F45ACE3EB}.Release|Any CPU.Build.0 = Release|Any CPU
		{EC3834EC-37AB-4F2C-A688-EEE9A1195109}.Debug|Any CPU.ActiveCfg = Debug|Any CPU
		{EC3834EC-37AB-4F2C-A688-EEE9A1195109}.Debug|Any CPU.Build.0 = Debug|Any CPU
		{EC3834EC-37AB-4F2C-A688-EEE9A1195109}.Release|Any CPU.ActiveCfg = Release|Any CPU
		{EC3834EC-37AB-4F2C-A688-EEE9A1195109}.Release|Any CPU.Build.0 = Release|Any CPU
		{D6783130-515E-4792-865C-CDF4C6625C8F}.Debug|Any CPU.ActiveCfg = Debug|Any CPU
		{D6783130-515E-4792-865C-CDF4C6625C8F}.Debug|Any CPU.Build.0 = Debug|Any CPU
		{D6783130-515E-4792-865C-CDF4C6625C8F}.Release|Any CPU.ActiveCfg = Release|Any CPU
		{D6783130-515E-4792-865C-CDF4C6625C8F}.Release|Any CPU.Build.0 = Release|Any CPU
		{5DCBBA9D-CD2D-4831-A7FE-7F29918B8D38}.Debug|Any CPU.ActiveCfg = Debug|Any CPU
		{5DCBBA9D-CD2D-4831-A7FE-7F29918B8D38}.Debug|Any CPU.Build.0 = Debug|Any CPU
		{5DCBBA9D-CD2D-4831-A7FE-7F29918B8D38}.Release|Any CPU.ActiveCfg = Release|Any CPU
		{5DCBBA9D-CD2D-4831-A7FE-7F29918B8D38}.Release|Any CPU.Build.0 = Release|Any CPU
	EndGlobalSection
	GlobalSection(SolutionProperties) = preSolution
		HideSolutionNode = FALSE
	EndGlobalSection
	GlobalSection(ExtensibilityGlobals) = postSolution
		SolutionGuid = {3A906BB1-49ED-4FF3-B1D7-14A2E085C313}
	EndGlobalSection
EndGlobal
